
Microsoft Visual Studio Solution File, Format Version 12.00
# Visual Studio Version 17
VisualStudioVersion = 17.1.32407.343
MinimumVisualStudioVersion = 10.0.40219.1
Project("{FAE04EC0-301F-11D3-BF4B-00C04F79EFBC}") = "Test1", "Test1\Test1.csproj", "{BF4EECF1-B3B9-4612-8512-0D204452B5EC}"
EndProject
Project("{9A19103F-16F7-4668-BE54-9A1E7A4F7556}") = "Test2", "Test2\Test2.csproj", "{7309F63E-DDDD-4F4D-8B4F-6F1132656DFF}"
EndProject
Project("{9A19103F-16F7-4668-BE54-9A1E7A4F7556}") = "ObjectCreation", "ObjectCreation\ObjectCreation.csproj", "{383DB217-1676-4F7C-A5A2-8CFD1091825E}"
EndProject
Project("{9A19103F-16F7-4668-BE54-9A1E7A4F7556}") = "MultipleClasses", "MultipleClasses\MultipleClasses.csproj", "{B9A73A99-F001-4FBF-84D0-40232E295D27}"
EndProject
Project("{9A19103F-16F7-4668-BE54-9A1E7A4F7556}") = "Q1-1", "Q1\Q1-1.csproj", "{67EEDBBE-EBD9-4091-9FEF-312C121CA128}"
EndProject
Project("{9A19103F-16F7-4668-BE54-9A1E7A4F7556}") = "Q1-2", "Q2\Q1-2.csproj", "{95E6A769-3007-4B91-B711-7C59B2DDD4F8}"
EndProject
Project("{9A19103F-16F7-4668-BE54-9A1E7A4F7556}") = "Q1-3", "Q3\Q1-3.csproj", "{90DD1CA0-8B21-4527-9F23-89805DB36AD6}"
EndProject
Project("{9A19103F-16F7-4668-BE54-9A1E7A4F7556}") = "Q1-5", "Q5\Q1-5.csproj", "{EB8156EC-B0AD-4542-A808-907889F93851}"
EndProject
Project("{9A19103F-16F7-4668-BE54-9A1E7A4F7556}") = "Q1-4", "Q4\Q1-4.csproj", "{F6A7E60F-2DC1-4717-938F-160F8BB3E102}"
EndProject
Project("{9A19103F-16F7-4668-BE54-9A1E7A4F7556}") = "Constructor1", "Constructor1\Constructor1.csproj", "{8B17EAA9-0A71-4BAB-B891-2C7BB5C94B94}"
EndProject
Project("{9A19103F-16F7-4668-BE54-9A1E7A4F7556}") = "GetSet1", "GetSet1\GetSet1.csproj", "{D98FD2A4-6435-4550-9556-A818F2E2C332}"
EndProject
Project("{9A19103F-16F7-4668-BE54-9A1E7A4F7556}") = "GetSet2", "GetSet2\GetSet2.csproj", "{1B30A7DD-3741-40EB-9D3D-F28EA47A1B30}"
EndProject
Project("{9A19103F-16F7-4668-BE54-9A1E7A4F7556}") = "StaticExamples", "StaticExamples\StaticExamples.csproj", "{B68C66AC-C5C9-4897-9A71-F3BF1F2AC7AC}"
EndProject
Project("{9A19103F-16F7-4668-BE54-9A1E7A4F7556}") = "RandomNumber1", "RandomNumber1\RandomNumber1.csproj", "{94FCD240-8B73-46F3-9083-F80A33BC6E22}"
EndProject
Project("{9A19103F-16F7-4668-BE54-9A1E7A4F7556}") = "Six-Sided Die", "Six-Sided Die\Six-Sided Die.csproj", "{E08531C6-F9EE-4F63-BFE0-1D3CD1EBA68C}"
EndProject
Project("{9A19103F-16F7-4668-BE54-9A1E7A4F7556}") = "Array1", "Array\Array1.csproj", "{85FE1288-DA53-4530-B94A-2D2231BDB283}"
EndProject
Project("{9A19103F-16F7-4668-BE54-9A1E7A4F7556}") = "VarTest", "VarTest\VarTest.csproj", "{B0C0D00B-D14C-4816-BD80-19C5E6D4D9CD}"
EndProject
Project("{9A19103F-16F7-4668-BE54-9A1E7A4F7556}") = "Q2-1", "Q2-1\Q2-1.csproj", "{A8CB6CA2-C8F7-49A3-9B9C-B4E33A3EB22A}"
EndProject
Project("{9A19103F-16F7-4668-BE54-9A1E7A4F7556}") = "Q2-2", "Q2-2\Q2-2.csproj", "{9FE64213-65DC-41D4-947C-27F47DDC5254}"
EndProject
Project("{9A19103F-16F7-4668-BE54-9A1E7A4F7556}") = "Q2-3", "Q2-3\Q2-3.csproj", "{67D0158D-7AB1-412F-9182-E729D935D53B}"
EndProject
Project("{9A19103F-16F7-4668-BE54-9A1E7A4F7556}") = "Q2-4", "Q2-4\Q2-4.csproj", "{9F6BF5F6-961E-4619-A150-70FABB3A73C6}"
EndProject
Project("{9A19103F-16F7-4668-BE54-9A1E7A4F7556}") = "LINQandListCollection", "LINQandListCollection\LINQandListCollection.csproj", "{8D3C7E22-9589-4BAD-807C-3A808EAEEE10}"
EndProject
Project("{9A19103F-16F7-4668-BE54-9A1E7A4F7556}") = "Constructor", "Constructor\Constructor.csproj", "{28BAD29F-7C36-4CC7-A2BE-B8529B32C8FB}"
EndProject
Project("{9A19103F-16F7-4668-BE54-9A1E7A4F7556}") = "Polymorphism and Interface", "Polymorphism and Interface\Polymorphism and Interface.csproj", "{D73FC2AD-88CD-4B57-8D3E-6F2017867C3F}"
EndProject
Project("{9A19103F-16F7-4668-BE54-9A1E7A4F7556}") = "WinFormsApp1", "WinFormsApp1\WinFormsApp1.csproj", "{D5F389E4-194F-41BC-AAFE-AFDEA9F33E3C}"
EndProject
Project("{9A19103F-16F7-4668-BE54-9A1E7A4F7556}") = "Q3-1", "Q3-1\Q3-1.csproj", "{4A11D4B6-E7AF-479E-83E3-07DD76F08522}"
EndProject
Project("{9A19103F-16F7-4668-BE54-9A1E7A4F7556}") = "Q3-2", "Q3-2\Q3-2.csproj", "{B4F014BC-6C31-4FCC-987B-91F35FFEBECA}"
EndProject
Project("{9A19103F-16F7-4668-BE54-9A1E7A4F7556}") = "WinFormsApp2", "WinFormsApp2\WinFormsApp2.csproj", "{272D3CCB-7D95-4A1C-91A9-4C5812B0903F}"
EndProject
Project("{FAE04EC0-301F-11D3-BF4B-00C04F79EFBC}") = "WindowsFormsApp1", "WindowsFormsApp1\WindowsFormsApp1.csproj", "{28A39D90-E116-4CFD-B8FB-A5113055C0AD}"
EndProject
Project("{9A19103F-16F7-4668-BE54-9A1E7A4F7556}") = "FileAssignment", "FileAssignment\FileAssignment.csproj", "{FDDF446B-195B-4405-9FC7-459FD1B89DAF}"
EndProject
Project("{FAE04EC0-301F-11D3-BF4B-00C04F79EFBC}") = "WindowsFormsApp2", "WindowsFormsApp2\WindowsFormsApp2.csproj", "{3DDF778A-81AA-40B7-A9DB-AA18D47BC179}"
EndProject
Global
	GlobalSection(SolutionConfigurationPlatforms) = preSolution
		Debug|Any CPU = Debug|Any CPU
		Debug|x64 = Debug|x64
		Debug|x86 = Debug|x86
		Release|Any CPU = Release|Any CPU
		Release|x64 = Release|x64
		Release|x86 = Release|x86
	EndGlobalSection
	GlobalSection(ProjectConfigurationPlatforms) = postSolution
		{BF4EECF1-B3B9-4612-8512-0D204452B5EC}.Debug|Any CPU.ActiveCfg = Debug|Any CPU
		{BF4EECF1-B3B9-4612-8512-0D204452B5EC}.Debug|Any CPU.Build.0 = Debug|Any CPU
		{BF4EECF1-B3B9-4612-8512-0D204452B5EC}.Debug|x64.ActiveCfg = Debug|Any CPU
		{BF4EECF1-B3B9-4612-8512-0D204452B5EC}.Debug|x64.Build.0 = Debug|Any CPU
		{BF4EECF1-B3B9-4612-8512-0D204452B5EC}.Debug|x86.ActiveCfg = Debug|Any CPU
		{BF4EECF1-B3B9-4612-8512-0D204452B5EC}.Debug|x86.Build.0 = Debug|Any CPU
		{BF4EECF1-B3B9-4612-8512-0D204452B5EC}.Release|Any CPU.ActiveCfg = Release|Any CPU
		{BF4EECF1-B3B9-4612-8512-0D204452B5EC}.Release|Any CPU.Build.0 = Release|Any CPU
		{BF4EECF1-B3B9-4612-8512-0D204452B5EC}.Release|x64.ActiveCfg = Release|Any CPU
		{BF4EECF1-B3B9-4612-8512-0D204452B5EC}.Release|x64.Build.0 = Release|Any CPU
		{BF4EECF1-B3B9-4612-8512-0D204452B5EC}.Release|x86.ActiveCfg = Release|Any CPU
		{BF4EECF1-B3B9-4612-8512-0D204452B5EC}.Release|x86.Build.0 = Release|Any CPU
		{7309F63E-DDDD-4F4D-8B4F-6F1132656DFF}.Debug|Any CPU.ActiveCfg = Debug|Any CPU
		{7309F63E-DDDD-4F4D-8B4F-6F1132656DFF}.Debug|Any CPU.Build.0 = Debug|Any CPU
		{7309F63E-DDDD-4F4D-8B4F-6F1132656DFF}.Debug|x64.ActiveCfg = Debug|Any CPU
		{7309F63E-DDDD-4F4D-8B4F-6F1132656DFF}.Debug|x64.Build.0 = Debug|Any CPU
		{7309F63E-DDDD-4F4D-8B4F-6F1132656DFF}.Debug|x86.ActiveCfg = Debug|Any CPU
		{7309F63E-DDDD-4F4D-8B4F-6F1132656DFF}.Debug|x86.Build.0 = Debug|Any CPU
		{7309F63E-DDDD-4F4D-8B4F-6F1132656DFF}.Release|Any CPU.ActiveCfg = Release|Any CPU
		{7309F63E-DDDD-4F4D-8B4F-6F1132656DFF}.Release|Any CPU.Build.0 = Release|Any CPU
		{7309F63E-DDDD-4F4D-8B4F-6F1132656DFF}.Release|x64.ActiveCfg = Release|Any CPU
		{7309F63E-DDDD-4F4D-8B4F-6F1132656DFF}.Release|x64.Build.0 = Release|Any CPU
		{7309F63E-DDDD-4F4D-8B4F-6F1132656DFF}.Release|x86.ActiveCfg = Release|Any CPU
		{7309F63E-DDDD-4F4D-8B4F-6F1132656DFF}.Release|x86.Build.0 = Release|Any CPU
		{383DB217-1676-4F7C-A5A2-8CFD1091825E}.Debug|Any CPU.ActiveCfg = Debug|Any CPU
		{383DB217-1676-4F7C-A5A2-8CFD1091825E}.Debug|Any CPU.Build.0 = Debug|Any CPU
		{383DB217-1676-4F7C-A5A2-8CFD1091825E}.Debug|x64.ActiveCfg = Debug|Any CPU
		{383DB217-1676-4F7C-A5A2-8CFD1091825E}.Debug|x64.Build.0 = Debug|Any CPU
		{383DB217-1676-4F7C-A5A2-8CFD1091825E}.Debug|x86.ActiveCfg = Debug|Any CPU
		{383DB217-1676-4F7C-A5A2-8CFD1091825E}.Debug|x86.Build.0 = Debug|Any CPU
		{383DB217-1676-4F7C-A5A2-8CFD1091825E}.Release|Any CPU.ActiveCfg = Release|Any CPU
		{383DB217-1676-4F7C-A5A2-8CFD1091825E}.Release|Any CPU.Build.0 = Release|Any CPU
		{383DB217-1676-4F7C-A5A2-8CFD1091825E}.Release|x64.ActiveCfg = Release|Any CPU
		{383DB217-1676-4F7C-A5A2-8CFD1091825E}.Release|x64.Build.0 = Release|Any CPU
		{383DB217-1676-4F7C-A5A2-8CFD1091825E}.Release|x86.ActiveCfg = Release|Any CPU
		{383DB217-1676-4F7C-A5A2-8CFD1091825E}.Release|x86.Build.0 = Release|Any CPU
		{B9A73A99-F001-4FBF-84D0-40232E295D27}.Debug|Any CPU.ActiveCfg = Debug|Any CPU
		{B9A73A99-F001-4FBF-84D0-40232E295D27}.Debug|Any CPU.Build.0 = Debug|Any CPU
		{B9A73A99-F001-4FBF-84D0-40232E295D27}.Debug|x64.ActiveCfg = Debug|Any CPU
		{B9A73A99-F001-4FBF-84D0-40232E295D27}.Debug|x64.Build.0 = Debug|Any CPU
		{B9A73A99-F001-4FBF-84D0-40232E295D27}.Debug|x86.ActiveCfg = Debug|Any CPU
		{B9A73A99-F001-4FBF-84D0-40232E295D27}.Debug|x86.Build.0 = Debug|Any CPU
		{B9A73A99-F001-4FBF-84D0-40232E295D27}.Release|Any CPU.ActiveCfg = Release|Any CPU
		{B9A73A99-F001-4FBF-84D0-40232E295D27}.Release|Any CPU.Build.0 = Release|Any CPU
		{B9A73A99-F001-4FBF-84D0-40232E295D27}.Release|x64.ActiveCfg = Release|Any CPU
		{B9A73A99-F001-4FBF-84D0-40232E295D27}.Release|x64.Build.0 = Release|Any CPU
		{B9A73A99-F001-4FBF-84D0-40232E295D27}.Release|x86.ActiveCfg = Release|Any CPU
		{B9A73A99-F001-4FBF-84D0-40232E295D27}.Release|x86.Build.0 = Release|Any CPU
		{67EEDBBE-EBD9-4091-9FEF-312C121CA128}.Debug|Any CPU.ActiveCfg = Debug|Any CPU
		{67EEDBBE-EBD9-4091-9FEF-312C121CA128}.Debug|Any CPU.Build.0 = Debug|Any CPU
		{67EEDBBE-EBD9-4091-9FEF-312C121CA128}.Debug|x64.ActiveCfg = Debug|Any CPU
		{67EEDBBE-EBD9-4091-9FEF-312C121CA128}.Debug|x64.Build.0 = Debug|Any CPU
		{67EEDBBE-EBD9-4091-9FEF-312C121CA128}.Debug|x86.ActiveCfg = Debug|Any CPU
		{67EEDBBE-EBD9-4091-9FEF-312C121CA128}.Debug|x86.Build.0 = Debug|Any CPU
		{67EEDBBE-EBD9-4091-9FEF-312C121CA128}.Release|Any CPU.ActiveCfg = Release|Any CPU
		{67EEDBBE-EBD9-4091-9FEF-312C121CA128}.Release|Any CPU.Build.0 = Release|Any CPU
		{67EEDBBE-EBD9-4091-9FEF-312C121CA128}.Release|x64.ActiveCfg = Release|Any CPU
		{67EEDBBE-EBD9-4091-9FEF-312C121CA128}.Release|x64.Build.0 = Release|Any CPU
		{67EEDBBE-EBD9-4091-9FEF-312C121CA128}.Release|x86.ActiveCfg = Release|Any CPU
		{67EEDBBE-EBD9-4091-9FEF-312C121CA128}.Release|x86.Build.0 = Release|Any CPU
		{95E6A769-3007-4B91-B711-7C59B2DDD4F8}.Debug|Any CPU.ActiveCfg = Debug|Any CPU
		{95E6A769-3007-4B91-B711-7C59B2DDD4F8}.Debug|Any CPU.Build.0 = Debug|Any CPU
		{95E6A769-3007-4B91-B711-7C59B2DDD4F8}.Debug|x64.ActiveCfg = Debug|Any CPU
		{95E6A769-3007-4B91-B711-7C59B2DDD4F8}.Debug|x64.Build.0 = Debug|Any CPU
		{95E6A769-3007-4B91-B711-7C59B2DDD4F8}.Debug|x86.ActiveCfg = Debug|Any CPU
		{95E6A769-3007-4B91-B711-7C59B2DDD4F8}.Debug|x86.Build.0 = Debug|Any CPU
		{95E6A769-3007-4B91-B711-7C59B2DDD4F8}.Release|Any CPU.ActiveCfg = Release|Any CPU
		{95E6A769-3007-4B91-B711-7C59B2DDD4F8}.Release|Any CPU.Build.0 = Release|Any CPU
		{95E6A769-3007-4B91-B711-7C59B2DDD4F8}.Release|x64.ActiveCfg = Release|Any CPU
		{95E6A769-3007-4B91-B711-7C59B2DDD4F8}.Release|x64.Build.0 = Release|Any CPU
		{95E6A769-3007-4B91-B711-7C59B2DDD4F8}.Release|x86.ActiveCfg = Release|Any CPU
		{95E6A769-3007-4B91-B711-7C59B2DDD4F8}.Release|x86.Build.0 = Release|Any CPU
		{90DD1CA0-8B21-4527-9F23-89805DB36AD6}.Debug|Any CPU.ActiveCfg = Debug|Any CPU
		{90DD1CA0-8B21-4527-9F23-89805DB36AD6}.Debug|Any CPU.Build.0 = Debug|Any CPU
		{90DD1CA0-8B21-4527-9F23-89805DB36AD6}.Debug|x64.ActiveCfg = Debug|Any CPU
		{90DD1CA0-8B21-4527-9F23-89805DB36AD6}.Debug|x64.Build.0 = Debug|Any CPU
		{90DD1CA0-8B21-4527-9F23-89805DB36AD6}.Debug|x86.ActiveCfg = Debug|Any CPU
		{90DD1CA0-8B21-4527-9F23-89805DB36AD6}.Debug|x86.Build.0 = Debug|Any CPU
		{90DD1CA0-8B21-4527-9F23-89805DB36AD6}.Release|Any CPU.ActiveCfg = Release|Any CPU
		{90DD1CA0-8B21-4527-9F23-89805DB36AD6}.Release|Any CPU.Build.0 = Release|Any CPU
		{90DD1CA0-8B21-4527-9F23-89805DB36AD6}.Release|x64.ActiveCfg = Release|Any CPU
		{90DD1CA0-8B21-4527-9F23-89805DB36AD6}.Release|x64.Build.0 = Release|Any CPU
		{90DD1CA0-8B21-4527-9F23-89805DB36AD6}.Release|x86.ActiveCfg = Release|Any CPU
		{90DD1CA0-8B21-4527-9F23-89805DB36AD6}.Release|x86.Build.0 = Release|Any CPU
		{EB8156EC-B0AD-4542-A808-907889F93851}.Debug|Any CPU.ActiveCfg = Debug|Any CPU
		{EB8156EC-B0AD-4542-A808-907889F93851}.Debug|Any CPU.Build.0 = Debug|Any CPU
		{EB8156EC-B0AD-4542-A808-907889F93851}.Debug|x64.ActiveCfg = Debug|Any CPU
		{EB8156EC-B0AD-4542-A808-907889F93851}.Debug|x64.Build.0 = Debug|Any CPU
		{EB8156EC-B0AD-4542-A808-907889F93851}.Debug|x86.ActiveCfg = Debug|Any CPU
		{EB8156EC-B0AD-4542-A808-907889F93851}.Debug|x86.Build.0 = Debug|Any CPU
		{EB8156EC-B0AD-4542-A808-907889F93851}.Release|Any CPU.ActiveCfg = Release|Any CPU
		{EB8156EC-B0AD-4542-A808-907889F93851}.Release|Any CPU.Build.0 = Release|Any CPU
		{EB8156EC-B0AD-4542-A808-907889F93851}.Release|x64.ActiveCfg = Release|Any CPU
		{EB8156EC-B0AD-4542-A808-907889F93851}.Release|x64.Build.0 = Release|Any CPU
		{EB8156EC-B0AD-4542-A808-907889F93851}.Release|x86.ActiveCfg = Release|Any CPU
		{EB8156EC-B0AD-4542-A808-907889F93851}.Release|x86.Build.0 = Release|Any CPU
		{F6A7E60F-2DC1-4717-938F-160F8BB3E102}.Debug|Any CPU.ActiveCfg = Debug|Any CPU
		{F6A7E60F-2DC1-4717-938F-160F8BB3E102}.Debug|Any CPU.Build.0 = Debug|Any CPU
		{F6A7E60F-2DC1-4717-938F-160F8BB3E102}.Debug|x64.ActiveCfg = Debug|Any CPU
		{F6A7E60F-2DC1-4717-938F-160F8BB3E102}.Debug|x64.Build.0 = Debug|Any CPU
		{F6A7E60F-2DC1-4717-938F-160F8BB3E102}.Debug|x86.ActiveCfg = Debug|Any CPU
		{F6A7E60F-2DC1-4717-938F-160F8BB3E102}.Debug|x86.Build.0 = Debug|Any CPU
		{F6A7E60F-2DC1-4717-938F-160F8BB3E102}.Release|Any CPU.ActiveCfg = Release|Any CPU
		{F6A7E60F-2DC1-4717-938F-160F8BB3E102}.Release|Any CPU.Build.0 = Release|Any CPU
		{F6A7E60F-2DC1-4717-938F-160F8BB3E102}.Release|x64.ActiveCfg = Release|Any CPU
		{F6A7E60F-2DC1-4717-938F-160F8BB3E102}.Release|x64.Build.0 = Release|Any CPU
		{F6A7E60F-2DC1-4717-938F-160F8BB3E102}.Release|x86.ActiveCfg = Release|Any CPU
		{F6A7E60F-2DC1-4717-938F-160F8BB3E102}.Release|x86.Build.0 = Release|Any CPU
		{8B17EAA9-0A71-4BAB-B891-2C7BB5C94B94}.Debug|Any CPU.ActiveCfg = Debug|Any CPU
		{8B17EAA9-0A71-4BAB-B891-2C7BB5C94B94}.Debug|Any CPU.Build.0 = Debug|Any CPU
		{8B17EAA9-0A71-4BAB-B891-2C7BB5C94B94}.Debug|x64.ActiveCfg = Debug|Any CPU
		{8B17EAA9-0A71-4BAB-B891-2C7BB5C94B94}.Debug|x64.Build.0 = Debug|Any CPU
		{8B17EAA9-0A71-4BAB-B891-2C7BB5C94B94}.Debug|x86.ActiveCfg = Debug|Any CPU
		{8B17EAA9-0A71-4BAB-B891-2C7BB5C94B94}.Debug|x86.Build.0 = Debug|Any CPU
		{8B17EAA9-0A71-4BAB-B891-2C7BB5C94B94}.Release|Any CPU.ActiveCfg = Release|Any CPU
		{8B17EAA9-0A71-4BAB-B891-2C7BB5C94B94}.Release|Any CPU.Build.0 = Release|Any CPU
		{8B17EAA9-0A71-4BAB-B891-2C7BB5C94B94}.Release|x64.ActiveCfg = Release|Any CPU
		{8B17EAA9-0A71-4BAB-B891-2C7BB5C94B94}.Release|x64.Build.0 = Release|Any CPU
		{8B17EAA9-0A71-4BAB-B891-2C7BB5C94B94}.Release|x86.ActiveCfg = Release|Any CPU
		{8B17EAA9-0A71-4BAB-B891-2C7BB5C94B94}.Release|x86.Build.0 = Release|Any CPU
		{D98FD2A4-6435-4550-9556-A818F2E2C332}.Debug|Any CPU.ActiveCfg = Debug|Any CPU
		{D98FD2A4-6435-4550-9556-A818F2E2C332}.Debug|Any CPU.Build.0 = Debug|Any CPU
		{D98FD2A4-6435-4550-9556-A818F2E2C332}.Debug|x64.ActiveCfg = Debug|Any CPU
		{D98FD2A4-6435-4550-9556-A818F2E2C332}.Debug|x64.Build.0 = Debug|Any CPU
		{D98FD2A4-6435-4550-9556-A818F2E2C332}.Debug|x86.ActiveCfg = Debug|Any CPU
		{D98FD2A4-6435-4550-9556-A818F2E2C332}.Debug|x86.Build.0 = Debug|Any CPU
		{D98FD2A4-6435-4550-9556-A818F2E2C332}.Release|Any CPU.ActiveCfg = Release|Any CPU
		{D98FD2A4-6435-4550-9556-A818F2E2C332}.Release|Any CPU.Build.0 = Release|Any CPU
		{D98FD2A4-6435-4550-9556-A818F2E2C332}.Release|x64.ActiveCfg = Release|Any CPU
		{D98FD2A4-6435-4550-9556-A818F2E2C332}.Release|x64.Build.0 = Release|Any CPU
		{D98FD2A4-6435-4550-9556-A818F2E2C332}.Release|x86.ActiveCfg = Release|Any CPU
		{D98FD2A4-6435-4550-9556-A818F2E2C332}.Release|x86.Build.0 = Release|Any CPU
		{1B30A7DD-3741-40EB-9D3D-F28EA47A1B30}.Debug|Any CPU.ActiveCfg = Debug|Any CPU
		{1B30A7DD-3741-40EB-9D3D-F28EA47A1B30}.Debug|Any CPU.Build.0 = Debug|Any CPU
		{1B30A7DD-3741-40EB-9D3D-F28EA47A1B30}.Debug|x64.ActiveCfg = Debug|Any CPU
		{1B30A7DD-3741-40EB-9D3D-F28EA47A1B30}.Debug|x64.Build.0 = Debug|Any CPU
		{1B30A7DD-3741-40EB-9D3D-F28EA47A1B30}.Debug|x86.ActiveCfg = Debug|Any CPU
		{1B30A7DD-3741-40EB-9D3D-F28EA47A1B30}.Debug|x86.Build.0 = Debug|Any CPU
		{1B30A7DD-3741-40EB-9D3D-F28EA47A1B30}.Release|Any CPU.ActiveCfg = Release|Any CPU
		{1B30A7DD-3741-40EB-9D3D-F28EA47A1B30}.Release|Any CPU.Build.0 = Release|Any CPU
		{1B30A7DD-3741-40EB-9D3D-F28EA47A1B30}.Release|x64.ActiveCfg = Release|Any CPU
		{1B30A7DD-3741-40EB-9D3D-F28EA47A1B30}.Release|x64.Build.0 = Release|Any CPU
		{1B30A7DD-3741-40EB-9D3D-F28EA47A1B30}.Release|x86.ActiveCfg = Release|Any CPU
		{1B30A7DD-3741-40EB-9D3D-F28EA47A1B30}.Release|x86.Build.0 = Release|Any CPU
		{B68C66AC-C5C9-4897-9A71-F3BF1F2AC7AC}.Debug|Any CPU.ActiveCfg = Debug|Any CPU
		{B68C66AC-C5C9-4897-9A71-F3BF1F2AC7AC}.Debug|Any CPU.Build.0 = Debug|Any CPU
		{B68C66AC-C5C9-4897-9A71-F3BF1F2AC7AC}.Debug|x64.ActiveCfg = Debug|Any CPU
		{B68C66AC-C5C9-4897-9A71-F3BF1F2AC7AC}.Debug|x64.Build.0 = Debug|Any CPU
		{B68C66AC-C5C9-4897-9A71-F3BF1F2AC7AC}.Debug|x86.ActiveCfg = Debug|Any CPU
		{B68C66AC-C5C9-4897-9A71-F3BF1F2AC7AC}.Debug|x86.Build.0 = Debug|Any CPU
		{B68C66AC-C5C9-4897-9A71-F3BF1F2AC7AC}.Release|Any CPU.ActiveCfg = Release|Any CPU
		{B68C66AC-C5C9-4897-9A71-F3BF1F2AC7AC}.Release|Any CPU.Build.0 = Release|Any CPU
		{B68C66AC-C5C9-4897-9A71-F3BF1F2AC7AC}.Release|x64.ActiveCfg = Release|Any CPU
		{B68C66AC-C5C9-4897-9A71-F3BF1F2AC7AC}.Release|x64.Build.0 = Release|Any CPU
		{B68C66AC-C5C9-4897-9A71-F3BF1F2AC7AC}.Release|x86.ActiveCfg = Release|Any CPU
		{B68C66AC-C5C9-4897-9A71-F3BF1F2AC7AC}.Release|x86.Build.0 = Release|Any CPU
		{94FCD240-8B73-46F3-9083-F80A33BC6E22}.Debug|Any CPU.ActiveCfg = Debug|Any CPU
		{94FCD240-8B73-46F3-9083-F80A33BC6E22}.Debug|Any CPU.Build.0 = Debug|Any CPU
		{94FCD240-8B73-46F3-9083-F80A33BC6E22}.Debug|x64.ActiveCfg = Debug|Any CPU
		{94FCD240-8B73-46F3-9083-F80A33BC6E22}.Debug|x64.Build.0 = Debug|Any CPU
		{94FCD240-8B73-46F3-9083-F80A33BC6E22}.Debug|x86.ActiveCfg = Debug|Any CPU
		{94FCD240-8B73-46F3-9083-F80A33BC6E22}.Debug|x86.Build.0 = Debug|Any CPU
		{94FCD240-8B73-46F3-9083-F80A33BC6E22}.Release|Any CPU.ActiveCfg = Release|Any CPU
		{94FCD240-8B73-46F3-9083-F80A33BC6E22}.Release|Any CPU.Build.0 = Release|Any CPU
		{94FCD240-8B73-46F3-9083-F80A33BC6E22}.Release|x64.ActiveCfg = Release|Any CPU
		{94FCD240-8B73-46F3-9083-F80A33BC6E22}.Release|x64.Build.0 = Release|Any CPU
		{94FCD240-8B73-46F3-9083-F80A33BC6E22}.Release|x86.ActiveCfg = Release|Any CPU
		{94FCD240-8B73-46F3-9083-F80A33BC6E22}.Release|x86.Build.0 = Release|Any CPU
		{E08531C6-F9EE-4F63-BFE0-1D3CD1EBA68C}.Debug|Any CPU.ActiveCfg = Debug|Any CPU
		{E08531C6-F9EE-4F63-BFE0-1D3CD1EBA68C}.Debug|Any CPU.Build.0 = Debug|Any CPU
		{E08531C6-F9EE-4F63-BFE0-1D3CD1EBA68C}.Debug|x64.ActiveCfg = Debug|Any CPU
		{E08531C6-F9EE-4F63-BFE0-1D3CD1EBA68C}.Debug|x64.Build.0 = Debug|Any CPU
		{E08531C6-F9EE-4F63-BFE0-1D3CD1EBA68C}.Debug|x86.ActiveCfg = Debug|Any CPU
		{E08531C6-F9EE-4F63-BFE0-1D3CD1EBA68C}.Debug|x86.Build.0 = Debug|Any CPU
		{E08531C6-F9EE-4F63-BFE0-1D3CD1EBA68C}.Release|Any CPU.ActiveCfg = Release|Any CPU
		{E08531C6-F9EE-4F63-BFE0-1D3CD1EBA68C}.Release|Any CPU.Build.0 = Release|Any CPU
		{E08531C6-F9EE-4F63-BFE0-1D3CD1EBA68C}.Release|x64.ActiveCfg = Release|Any CPU
		{E08531C6-F9EE-4F63-BFE0-1D3CD1EBA68C}.Release|x64.Build.0 = Release|Any CPU
		{E08531C6-F9EE-4F63-BFE0-1D3CD1EBA68C}.Release|x86.ActiveCfg = Release|Any CPU
		{E08531C6-F9EE-4F63-BFE0-1D3CD1EBA68C}.Release|x86.Build.0 = Release|Any CPU
		{85FE1288-DA53-4530-B94A-2D2231BDB283}.Debug|Any CPU.ActiveCfg = Debug|Any CPU
		{85FE1288-DA53-4530-B94A-2D2231BDB283}.Debug|Any CPU.Build.0 = Debug|Any CPU
		{85FE1288-DA53-4530-B94A-2D2231BDB283}.Debug|x64.ActiveCfg = Debug|Any CPU
		{85FE1288-DA53-4530-B94A-2D2231BDB283}.Debug|x64.Build.0 = Debug|Any CPU
		{85FE1288-DA53-4530-B94A-2D2231BDB283}.Debug|x86.ActiveCfg = Debug|Any CPU
		{85FE1288-DA53-4530-B94A-2D2231BDB283}.Debug|x86.Build.0 = Debug|Any CPU
		{85FE1288-DA53-4530-B94A-2D2231BDB283}.Release|Any CPU.ActiveCfg = Release|Any CPU
		{85FE1288-DA53-4530-B94A-2D2231BDB283}.Release|Any CPU.Build.0 = Release|Any CPU
		{85FE1288-DA53-4530-B94A-2D2231BDB283}.Release|x64.ActiveCfg = Release|Any CPU
		{85FE1288-DA53-4530-B94A-2D2231BDB283}.Release|x64.Build.0 = Release|Any CPU
		{85FE1288-DA53-4530-B94A-2D2231BDB283}.Release|x86.ActiveCfg = Release|Any CPU
		{85FE1288-DA53-4530-B94A-2D2231BDB283}.Release|x86.Build.0 = Release|Any CPU
		{B0C0D00B-D14C-4816-BD80-19C5E6D4D9CD}.Debug|Any CPU.ActiveCfg = Debug|Any CPU
		{B0C0D00B-D14C-4816-BD80-19C5E6D4D9CD}.Debug|Any CPU.Build.0 = Debug|Any CPU
		{B0C0D00B-D14C-4816-BD80-19C5E6D4D9CD}.Debug|x64.ActiveCfg = Debug|Any CPU
		{B0C0D00B-D14C-4816-BD80-19C5E6D4D9CD}.Debug|x64.Build.0 = Debug|Any CPU
		{B0C0D00B-D14C-4816-BD80-19C5E6D4D9CD}.Debug|x86.ActiveCfg = Debug|Any CPU
		{B0C0D00B-D14C-4816-BD80-19C5E6D4D9CD}.Debug|x86.Build.0 = Debug|Any CPU
		{B0C0D00B-D14C-4816-BD80-19C5E6D4D9CD}.Release|Any CPU.ActiveCfg = Release|Any CPU
		{B0C0D00B-D14C-4816-BD80-19C5E6D4D9CD}.Release|Any CPU.Build.0 = Release|Any CPU
		{B0C0D00B-D14C-4816-BD80-19C5E6D4D9CD}.Release|x64.ActiveCfg = Release|Any CPU
		{B0C0D00B-D14C-4816-BD80-19C5E6D4D9CD}.Release|x64.Build.0 = Release|Any CPU
		{B0C0D00B-D14C-4816-BD80-19C5E6D4D9CD}.Release|x86.ActiveCfg = Release|Any CPU
		{B0C0D00B-D14C-4816-BD80-19C5E6D4D9CD}.Release|x86.Build.0 = Release|Any CPU
		{A8CB6CA2-C8F7-49A3-9B9C-B4E33A3EB22A}.Debug|Any CPU.ActiveCfg = Debug|Any CPU
		{A8CB6CA2-C8F7-49A3-9B9C-B4E33A3EB22A}.Debug|Any CPU.Build.0 = Debug|Any CPU
		{A8CB6CA2-C8F7-49A3-9B9C-B4E33A3EB22A}.Debug|x64.ActiveCfg = Debug|Any CPU
		{A8CB6CA2-C8F7-49A3-9B9C-B4E33A3EB22A}.Debug|x64.Build.0 = Debug|Any CPU
		{A8CB6CA2-C8F7-49A3-9B9C-B4E33A3EB22A}.Debug|x86.ActiveCfg = Debug|Any CPU
		{A8CB6CA2-C8F7-49A3-9B9C-B4E33A3EB22A}.Debug|x86.Build.0 = Debug|Any CPU
		{A8CB6CA2-C8F7-49A3-9B9C-B4E33A3EB22A}.Release|Any CPU.ActiveCfg = Release|Any CPU
		{A8CB6CA2-C8F7-49A3-9B9C-B4E33A3EB22A}.Release|Any CPU.Build.0 = Release|Any CPU
		{A8CB6CA2-C8F7-49A3-9B9C-B4E33A3EB22A}.Release|x64.ActiveCfg = Release|Any CPU
		{A8CB6CA2-C8F7-49A3-9B9C-B4E33A3EB22A}.Release|x64.Build.0 = Release|Any CPU
		{A8CB6CA2-C8F7-49A3-9B9C-B4E33A3EB22A}.Release|x86.ActiveCfg = Release|Any CPU
		{A8CB6CA2-C8F7-49A3-9B9C-B4E33A3EB22A}.Release|x86.Build.0 = Release|Any CPU
		{9FE64213-65DC-41D4-947C-27F47DDC5254}.Debug|Any CPU.ActiveCfg = Debug|Any CPU
		{9FE64213-65DC-41D4-947C-27F47DDC5254}.Debug|Any CPU.Build.0 = Debug|Any CPU
		{9FE64213-65DC-41D4-947C-27F47DDC5254}.Debug|x64.ActiveCfg = Debug|Any CPU
		{9FE64213-65DC-41D4-947C-27F47DDC5254}.Debug|x64.Build.0 = Debug|Any CPU
		{9FE64213-65DC-41D4-947C-27F47DDC5254}.Debug|x86.ActiveCfg = Debug|Any CPU
		{9FE64213-65DC-41D4-947C-27F47DDC5254}.Debug|x86.Build.0 = Debug|Any CPU
		{9FE64213-65DC-41D4-947C-27F47DDC5254}.Release|Any CPU.ActiveCfg = Release|Any CPU
		{9FE64213-65DC-41D4-947C-27F47DDC5254}.Release|Any CPU.Build.0 = Release|Any CPU
		{9FE64213-65DC-41D4-947C-27F47DDC5254}.Release|x64.ActiveCfg = Release|Any CPU
		{9FE64213-65DC-41D4-947C-27F47DDC5254}.Release|x64.Build.0 = Release|Any CPU
		{9FE64213-65DC-41D4-947C-27F47DDC5254}.Release|x86.ActiveCfg = Release|Any CPU
		{9FE64213-65DC-41D4-947C-27F47DDC5254}.Release|x86.Build.0 = Release|Any CPU
		{67D0158D-7AB1-412F-9182-E729D935D53B}.Debug|Any CPU.ActiveCfg = Debug|Any CPU
		{67D0158D-7AB1-412F-9182-E729D935D53B}.Debug|Any CPU.Build.0 = Debug|Any CPU
		{67D0158D-7AB1-412F-9182-E729D935D53B}.Debug|x64.ActiveCfg = Debug|Any CPU
		{67D0158D-7AB1-412F-9182-E729D935D53B}.Debug|x64.Build.0 = Debug|Any CPU
		{67D0158D-7AB1-412F-9182-E729D935D53B}.Debug|x86.ActiveCfg = Debug|Any CPU
		{67D0158D-7AB1-412F-9182-E729D935D53B}.Debug|x86.Build.0 = Debug|Any CPU
		{67D0158D-7AB1-412F-9182-E729D935D53B}.Release|Any CPU.ActiveCfg = Release|Any CPU
		{67D0158D-7AB1-412F-9182-E729D935D53B}.Release|Any CPU.Build.0 = Release|Any CPU
		{67D0158D-7AB1-412F-9182-E729D935D53B}.Release|x64.ActiveCfg = Release|Any CPU
		{67D0158D-7AB1-412F-9182-E729D935D53B}.Release|x64.Build.0 = Release|Any CPU
		{67D0158D-7AB1-412F-9182-E729D935D53B}.Release|x86.ActiveCfg = Release|Any CPU
		{67D0158D-7AB1-412F-9182-E729D935D53B}.Release|x86.Build.0 = Release|Any CPU
		{9F6BF5F6-961E-4619-A150-70FABB3A73C6}.Debug|Any CPU.ActiveCfg = Debug|Any CPU
		{9F6BF5F6-961E-4619-A150-70FABB3A73C6}.Debug|Any CPU.Build.0 = Debug|Any CPU
		{9F6BF5F6-961E-4619-A150-70FABB3A73C6}.Debug|x64.ActiveCfg = Debug|Any CPU
		{9F6BF5F6-961E-4619-A150-70FABB3A73C6}.Debug|x64.Build.0 = Debug|Any CPU
		{9F6BF5F6-961E-4619-A150-70FABB3A73C6}.Debug|x86.ActiveCfg = Debug|Any CPU
		{9F6BF5F6-961E-4619-A150-70FABB3A73C6}.Debug|x86.Build.0 = Debug|Any CPU
		{9F6BF5F6-961E-4619-A150-70FABB3A73C6}.Release|Any CPU.ActiveCfg = Release|Any CPU
		{9F6BF5F6-961E-4619-A150-70FABB3A73C6}.Release|Any CPU.Build.0 = Release|Any CPU
		{9F6BF5F6-961E-4619-A150-70FABB3A73C6}.Release|x64.ActiveCfg = Release|Any CPU
		{9F6BF5F6-961E-4619-A150-70FABB3A73C6}.Release|x64.Build.0 = Release|Any CPU
		{9F6BF5F6-961E-4619-A150-70FABB3A73C6}.Release|x86.ActiveCfg = Release|Any CPU
		{9F6BF5F6-961E-4619-A150-70FABB3A73C6}.Release|x86.Build.0 = Release|Any CPU
		{8D3C7E22-9589-4BAD-807C-3A808EAEEE10}.Debug|Any CPU.ActiveCfg = Debug|Any CPU
		{8D3C7E22-9589-4BAD-807C-3A808EAEEE10}.Debug|Any CPU.Build.0 = Debug|Any CPU
		{8D3C7E22-9589-4BAD-807C-3A808EAEEE10}.Debug|x64.ActiveCfg = Debug|Any CPU
		{8D3C7E22-9589-4BAD-807C-3A808EAEEE10}.Debug|x64.Build.0 = Debug|Any CPU
		{8D3C7E22-9589-4BAD-807C-3A808EAEEE10}.Debug|x86.ActiveCfg = Debug|Any CPU
		{8D3C7E22-9589-4BAD-807C-3A808EAEEE10}.Debug|x86.Build.0 = Debug|Any CPU
		{8D3C7E22-9589-4BAD-807C-3A808EAEEE10}.Release|Any CPU.ActiveCfg = Release|Any CPU
		{8D3C7E22-9589-4BAD-807C-3A808EAEEE10}.Release|Any CPU.Build.0 = Release|Any CPU
		{8D3C7E22-9589-4BAD-807C-3A808EAEEE10}.Release|x64.ActiveCfg = Release|Any CPU
		{8D3C7E22-9589-4BAD-807C-3A808EAEEE10}.Release|x64.Build.0 = Release|Any CPU
		{8D3C7E22-9589-4BAD-807C-3A808EAEEE10}.Release|x86.ActiveCfg = Release|Any CPU
		{8D3C7E22-9589-4BAD-807C-3A808EAEEE10}.Release|x86.Build.0 = Release|Any CPU
		{28BAD29F-7C36-4CC7-A2BE-B8529B32C8FB}.Debug|Any CPU.ActiveCfg = Debug|Any CPU
		{28BAD29F-7C36-4CC7-A2BE-B8529B32C8FB}.Debug|Any CPU.Build.0 = Debug|Any CPU
		{28BAD29F-7C36-4CC7-A2BE-B8529B32C8FB}.Debug|x64.ActiveCfg = Debug|Any CPU
		{28BAD29F-7C36-4CC7-A2BE-B8529B32C8FB}.Debug|x64.Build.0 = Debug|Any CPU
		{28BAD29F-7C36-4CC7-A2BE-B8529B32C8FB}.Debug|x86.ActiveCfg = Debug|Any CPU
		{28BAD29F-7C36-4CC7-A2BE-B8529B32C8FB}.Debug|x86.Build.0 = Debug|Any CPU
		{28BAD29F-7C36-4CC7-A2BE-B8529B32C8FB}.Release|Any CPU.ActiveCfg = Release|Any CPU
		{28BAD29F-7C36-4CC7-A2BE-B8529B32C8FB}.Release|Any CPU.Build.0 = Release|Any CPU
		{28BAD29F-7C36-4CC7-A2BE-B8529B32C8FB}.Release|x64.ActiveCfg = Release|Any CPU
		{28BAD29F-7C36-4CC7-A2BE-B8529B32C8FB}.Release|x64.Build.0 = Release|Any CPU
		{28BAD29F-7C36-4CC7-A2BE-B8529B32C8FB}.Release|x86.ActiveCfg = Release|Any CPU
		{28BAD29F-7C36-4CC7-A2BE-B8529B32C8FB}.Release|x86.Build.0 = Release|Any CPU
		{D73FC2AD-88CD-4B57-8D3E-6F2017867C3F}.Debug|Any CPU.ActiveCfg = Debug|Any CPU
		{D73FC2AD-88CD-4B57-8D3E-6F2017867C3F}.Debug|Any CPU.Build.0 = Debug|Any CPU
		{D73FC2AD-88CD-4B57-8D3E-6F2017867C3F}.Debug|x64.ActiveCfg = Debug|Any CPU
		{D73FC2AD-88CD-4B57-8D3E-6F2017867C3F}.Debug|x64.Build.0 = Debug|Any CPU
		{D73FC2AD-88CD-4B57-8D3E-6F2017867C3F}.Debug|x86.ActiveCfg = Debug|Any CPU
		{D73FC2AD-88CD-4B57-8D3E-6F2017867C3F}.Debug|x86.Build.0 = Debug|Any CPU
		{D73FC2AD-88CD-4B57-8D3E-6F2017867C3F}.Release|Any CPU.ActiveCfg = Release|Any CPU
		{D73FC2AD-88CD-4B57-8D3E-6F2017867C3F}.Release|Any CPU.Build.0 = Release|Any CPU
		{D73FC2AD-88CD-4B57-8D3E-6F2017867C3F}.Release|x64.ActiveCfg = Release|Any CPU
		{D73FC2AD-88CD-4B57-8D3E-6F2017867C3F}.Release|x64.Build.0 = Release|Any CPU
		{D73FC2AD-88CD-4B57-8D3E-6F2017867C3F}.Release|x86.ActiveCfg = Release|Any CPU
		{D73FC2AD-88CD-4B57-8D3E-6F2017867C3F}.Release|x86.Build.0 = Release|Any CPU
		{D5F389E4-194F-41BC-AAFE-AFDEA9F33E3C}.Debug|Any CPU.ActiveCfg = Debug|Any CPU
		{D5F389E4-194F-41BC-AAFE-AFDEA9F33E3C}.Debug|Any CPU.Build.0 = Debug|Any CPU
		{D5F389E4-194F-41BC-AAFE-AFDEA9F33E3C}.Debug|x64.ActiveCfg = Debug|Any CPU
		{D5F389E4-194F-41BC-AAFE-AFDEA9F33E3C}.Debug|x64.Build.0 = Debug|Any CPU
		{D5F389E4-194F-41BC-AAFE-AFDEA9F33E3C}.Debug|x86.ActiveCfg = Debug|Any CPU
		{D5F389E4-194F-41BC-AAFE-AFDEA9F33E3C}.Debug|x86.Build.0 = Debug|Any CPU
		{D5F389E4-194F-41BC-AAFE-AFDEA9F33E3C}.Release|Any CPU.ActiveCfg = Release|Any CPU
		{D5F389E4-194F-41BC-AAFE-AFDEA9F33E3C}.Release|Any CPU.Build.0 = Release|Any CPU
		{D5F389E4-194F-41BC-AAFE-AFDEA9F33E3C}.Release|x64.ActiveCfg = Release|Any CPU
		{D5F389E4-194F-41BC-AAFE-AFDEA9F33E3C}.Release|x64.Build.0 = Release|Any CPU
		{D5F389E4-194F-41BC-AAFE-AFDEA9F33E3C}.Release|x86.ActiveCfg = Release|Any CPU
		{D5F389E4-194F-41BC-AAFE-AFDEA9F33E3C}.Release|x86.Build.0 = Release|Any CPU
		{4A11D4B6-E7AF-479E-83E3-07DD76F08522}.Debug|Any CPU.ActiveCfg = Debug|Any CPU
		{4A11D4B6-E7AF-479E-83E3-07DD76F08522}.Debug|Any CPU.Build.0 = Debug|Any CPU
		{4A11D4B6-E7AF-479E-83E3-07DD76F08522}.Debug|x64.ActiveCfg = Debug|Any CPU
		{4A11D4B6-E7AF-479E-83E3-07DD76F08522}.Debug|x64.Build.0 = Debug|Any CPU
		{4A11D4B6-E7AF-479E-83E3-07DD76F08522}.Debug|x86.ActiveCfg = Debug|Any CPU
		{4A11D4B6-E7AF-479E-83E3-07DD76F08522}.Debug|x86.Build.0 = Debug|Any CPU
		{4A11D4B6-E7AF-479E-83E3-07DD76F08522}.Release|Any CPU.ActiveCfg = Release|Any CPU
		{4A11D4B6-E7AF-479E-83E3-07DD76F08522}.Release|Any CPU.Build.0 = Release|Any CPU
		{4A11D4B6-E7AF-479E-83E3-07DD76F08522}.Release|x64.ActiveCfg = Release|Any CPU
		{4A11D4B6-E7AF-479E-83E3-07DD76F08522}.Release|x64.Build.0 = Release|Any CPU
		{4A11D4B6-E7AF-479E-83E3-07DD76F08522}.Release|x86.ActiveCfg = Release|Any CPU
		{4A11D4B6-E7AF-479E-83E3-07DD76F08522}.Release|x86.Build.0 = Release|Any CPU
		{B4F014BC-6C31-4FCC-987B-91F35FFEBECA}.Debug|Any CPU.ActiveCfg = Debug|Any CPU
		{B4F014BC-6C31-4FCC-987B-91F35FFEBECA}.Debug|Any CPU.Build.0 = Debug|Any CPU
		{B4F014BC-6C31-4FCC-987B-91F35FFEBECA}.Debug|x64.ActiveCfg = Debug|Any CPU
		{B4F014BC-6C31-4FCC-987B-91F35FFEBECA}.Debug|x64.Build.0 = Debug|Any CPU
		{B4F014BC-6C31-4FCC-987B-91F35FFEBECA}.Debug|x86.ActiveCfg = Debug|Any CPU
		{B4F014BC-6C31-4FCC-987B-91F35FFEBECA}.Debug|x86.Build.0 = Debug|Any CPU
		{B4F014BC-6C31-4FCC-987B-91F35FFEBECA}.Release|Any CPU.ActiveCfg = Release|Any CPU
		{B4F014BC-6C31-4FCC-987B-91F35FFEBECA}.Release|Any CPU.Build.0 = Release|Any CPU
		{B4F014BC-6C31-4FCC-987B-91F35FFEBECA}.Release|x64.ActiveCfg = Release|Any CPU
		{B4F014BC-6C31-4FCC-987B-91F35FFEBECA}.Release|x64.Build.0 = Release|Any CPU
		{B4F014BC-6C31-4FCC-987B-91F35FFEBECA}.Release|x86.ActiveCfg = Release|Any CPU
		{B4F014BC-6C31-4FCC-987B-91F35FFEBECA}.Release|x86.Build.0 = Release|Any CPU
		{272D3CCB-7D95-4A1C-91A9-4C5812B0903F}.Debug|Any CPU.ActiveCfg = Debug|Any CPU
		{272D3CCB-7D95-4A1C-91A9-4C5812B0903F}.Debug|Any CPU.Build.0 = Debug|Any CPU
		{272D3CCB-7D95-4A1C-91A9-4C5812B0903F}.Debug|x64.ActiveCfg = Debug|Any CPU
		{272D3CCB-7D95-4A1C-91A9-4C5812B0903F}.Debug|x64.Build.0 = Debug|Any CPU
		{272D3CCB-7D95-4A1C-91A9-4C5812B0903F}.Debug|x86.ActiveCfg = Debug|Any CPU
		{272D3CCB-7D95-4A1C-91A9-4C5812B0903F}.Debug|x86.Build.0 = Debug|Any CPU
		{272D3CCB-7D95-4A1C-91A9-4C5812B0903F}.Release|Any CPU.ActiveCfg = Release|Any CPU
		{272D3CCB-7D95-4A1C-91A9-4C5812B0903F}.Release|Any CPU.Build.0 = Release|Any CPU
		{272D3CCB-7D95-4A1C-91A9-4C5812B0903F}.Release|x64.ActiveCfg = Release|Any CPU
		{272D3CCB-7D95-4A1C-91A9-4C5812B0903F}.Release|x64.Build.0 = Release|Any CPU
		{272D3CCB-7D95-4A1C-91A9-4C5812B0903F}.Release|x86.ActiveCfg = Release|Any CPU
		{272D3CCB-7D95-4A1C-91A9-4C5812B0903F}.Release|x86.Build.0 = Release|Any CPU
		{28A39D90-E116-4CFD-B8FB-A5113055C0AD}.Debug|Any CPU.ActiveCfg = Debug|Any CPU
		{28A39D90-E116-4CFD-B8FB-A5113055C0AD}.Debug|Any CPU.Build.0 = Debug|Any CPU
		{28A39D90-E116-4CFD-B8FB-A5113055C0AD}.Debug|x64.ActiveCfg = Debug|Any CPU
		{28A39D90-E116-4CFD-B8FB-A5113055C0AD}.Debug|x64.Build.0 = Debug|Any CPU
		{28A39D90-E116-4CFD-B8FB-A5113055C0AD}.Debug|x86.ActiveCfg = Debug|Any CPU
		{28A39D90-E116-4CFD-B8FB-A5113055C0AD}.Debug|x86.Build.0 = Debug|Any CPU
		{28A39D90-E116-4CFD-B8FB-A5113055C0AD}.Release|Any CPU.ActiveCfg = Release|Any CPU
		{28A39D90-E116-4CFD-B8FB-A5113055C0AD}.Release|Any CPU.Build.0 = Release|Any CPU
		{28A39D90-E116-4CFD-B8FB-A5113055C0AD}.Release|x64.ActiveCfg = Release|Any CPU
		{28A39D90-E116-4CFD-B8FB-A5113055C0AD}.Release|x64.Build.0 = Release|Any CPU
		{28A39D90-E116-4CFD-B8FB-A5113055C0AD}.Release|x86.ActiveCfg = Release|Any CPU
		{28A39D90-E116-4CFD-B8FB-A5113055C0AD}.Release|x86.Build.0 = Release|Any CPU
		{FDDF446B-195B-4405-9FC7-459FD1B89DAF}.Debug|Any CPU.ActiveCfg = Debug|Any CPU
		{FDDF446B-195B-4405-9FC7-459FD1B89DAF}.Debug|Any CPU.Build.0 = Debug|Any CPU
		{FDDF446B-195B-4405-9FC7-459FD1B89DAF}.Debug|x64.ActiveCfg = Debug|Any CPU
		{FDDF446B-195B-4405-9FC7-459FD1B89DAF}.Debug|x64.Build.0 = Debug|Any CPU
		{FDDF446B-195B-4405-9FC7-459FD1B89DAF}.Debug|x86.ActiveCfg = Debug|Any CPU
		{FDDF446B-195B-4405-9FC7-459FD1B89DAF}.Debug|x86.Build.0 = Debug|Any CPU
		{FDDF446B-195B-4405-9FC7-459FD1B89DAF}.Release|Any CPU.ActiveCfg = Release|Any CPU
		{FDDF446B-195B-4405-9FC7-459FD1B89DAF}.Release|Any CPU.Build.0 = Release|Any CPU
		{FDDF446B-195B-4405-9FC7-459FD1B89DAF}.Release|x64.ActiveCfg = Release|Any CPU
		{FDDF446B-195B-4405-9FC7-459FD1B89DAF}.Release|x64.Build.0 = Release|Any CPU
		{FDDF446B-195B-4405-9FC7-459FD1B89DAF}.Release|x86.ActiveCfg = Release|Any CPU
		{FDDF446B-195B-4405-9FC7-459FD1B89DAF}.Release|x86.Build.0 = Release|Any CPU
		{3DDF778A-81AA-40B7-A9DB-AA18D47BC179}.Debug|Any CPU.ActiveCfg = Debug|Any CPU
		{3DDF778A-81AA-40B7-A9DB-AA18D47BC179}.Debug|Any CPU.Build.0 = Debug|Any CPU
		{3DDF778A-81AA-40B7-A9DB-AA18D47BC179}.Debug|x64.ActiveCfg = Debug|Any CPU
		{3DDF778A-81AA-40B7-A9DB-AA18D47BC179}.Debug|x64.Build.0 = Debug|Any CPU
		{3DDF778A-81AA-40B7-A9DB-AA18D47BC179}.Debug|x86.ActiveCfg = Debug|Any CPU
		{3DDF778A-81AA-40B7-A9DB-AA18D47BC179}.Debug|x86.Build.0 = Debug|Any CPU
		{3DDF778A-81AA-40B7-A9DB-AA18D47BC179}.Release|Any CPU.ActiveCfg = Release|Any CPU
		{3DDF778A-81AA-40B7-A9DB-AA18D47BC179}.Release|Any CPU.Build.0 = Release|Any CPU
		{3DDF778A-81AA-40B7-A9DB-AA18D47BC179}.Release|x64.ActiveCfg = Release|Any CPU
		{3DDF778A-81AA-40B7-A9DB-AA18D47BC179}.Release|x64.Build.0 = Release|Any CPU
		{3DDF778A-81AA-40B7-A9DB-AA18D47BC179}.Release|x86.ActiveCfg = Release|Any CPU
		{3DDF778A-81AA-40B7-A9DB-AA18D47BC179}.Release|x86.Build.0 = Release|Any CPU
	EndGlobalSection
	GlobalSection(SolutionProperties) = preSolution
		HideSolutionNode = FALSE
	EndGlobalSection
	GlobalSection(ExtensibilityGlobals) = postSolution
		SolutionGuid = {B686AFD6-CF45-4E85-ABDC-432E53B4A6DB}
	EndGlobalSection
EndGlobal
